
Microsoft Visual Studio Solution File, Format Version 12.00
# Visual Studio 15
VisualStudioVersion = 15.0.28010.2046
MinimumVisualStudioVersion = 10.0.40219.1
Project("{9A19103F-16F7-4668-BE54-9A1E7A4F7556}") = "MDBX", "MDBX\MDBX.csproj", "{4814F7D3-9A22-400F-8D29-51A0AD4222A0}"
EndProject
Project("{FAE04EC0-301F-11D3-BF4B-00C04F79EFBC}") = "MDBX.UnitTest", "MDBX.UnitTest\MDBX.UnitTest.csproj", "{4343C32F-C6FF-43D3-9523-7F35E35A2369}"
EndProject
Global
	GlobalSection(SolutionConfigurationPlatforms) = preSolution
		Debug|Any CPU = Debug|Any CPU
		Debug|x64 = Debug|x64
		Debug|x86 = Debug|x86
		Release|Any CPU = Release|Any CPU
		Release|x64 = Release|x64
		Release|x86 = Release|x86
	EndGlobalSection
	GlobalSection(ProjectConfigurationPlatforms) = postSolution
		{4814F7D3-9A22-400F-8D29-51A0AD4222A0}.Debug|Any CPU.ActiveCfg = Debug|Any CPU
		{4814F7D3-9A22-400F-8D29-51A0AD4222A0}.Debug|Any CPU.Build.0 = Debug|Any CPU
		{4814F7D3-9A22-400F-8D29-51A0AD4222A0}.Debug|x64.ActiveCfg = Debug|Any CPU
		{4814F7D3-9A22-400F-8D29-51A0AD4222A0}.Debug|x64.Build.0 = Debug|Any CPU
		{4814F7D3-9A22-400F-8D29-51A0AD4222A0}.Debug|x86.ActiveCfg = Debug|Any CPU
		{4814F7D3-9A22-400F-8D29-51A0AD4222A0}.Debug|x86.Build.0 = Debug|Any CPU
		{4814F7D3-9A22-400F-8D29-51A0AD4222A0}.Release|Any CPU.ActiveCfg = Release|Any CPU
		{4814F7D3-9A22-400F-8D29-51A0AD4222A0}.Release|Any CPU.Build.0 = Release|Any CPU
		{4814F7D3-9A22-400F-8D29-51A0AD4222A0}.Release|x64.ActiveCfg = Release|Any CPU
		{4814F7D3-9A22-400F-8D29-51A0AD4222A0}.Release|x64.Build.0 = Release|Any CPU
		{4814F7D3-9A22-400F-8D29-51A0AD4222A0}.Release|x86.ActiveCfg = Release|Any CPU
		{4814F7D3-9A22-400F-8D29-51A0AD4222A0}.Release|x86.Build.0 = Release|Any CPU
		{4343C32F-C6FF-43D3-9523-7F35E35A2369}.Debug|Any CPU.ActiveCfg = Debug|Any CPU
		{4343C32F-C6FF-43D3-9523-7F35E35A2369}.Debug|Any CPU.Build.0 = Debug|Any CPU
		{4343C32F-C6FF-43D3-9523-7F35E35A2369}.Debug|x64.ActiveCfg = Debug|Any CPU
		{4343C32F-C6FF-43D3-9523-7F35E35A2369}.Debug|x64.Build.0 = Debug|Any CPU
		{4343C32F-C6FF-43D3-9523-7F35E35A2369}.Debug|x86.ActiveCfg = Debug|Any CPU
		{4343C32F-C6FF-43D3-9523-7F35E35A2369}.Debug|x86.Build.0 = Debug|Any CPU
		{4343C32F-C6FF-43D3-9523-7F35E35A2369}.Release|Any CPU.ActiveCfg = Release|Any CPU
		{4343C32F-C6FF-43D3-9523-7F35E35A2369}.Release|Any CPU.Build.0 = Release|Any CPU
		{4343C32F-C6FF-43D3-9523-7F35E35A2369}.Release|x64.ActiveCfg = Release|Any CPU
		{4343C32F-C6FF-43D3-9523-7F35E35A2369}.Release|x64.Build.0 = Release|Any CPU
		{4343C32F-C6FF-43D3-9523-7F35E35A2369}.Release|x86.ActiveCfg = Release|Any CPU
		{4343C32F-C6FF-43D3-9523-7F35E35A2369}.Release|x86.Build.0 = Release|Any CPU
	EndGlobalSection
	GlobalSection(SolutionProperties) = preSolution
		HideSolutionNode = FALSE
	EndGlobalSection
	GlobalSection(ExtensibilityGlobals) = postSolution
		SolutionGuid = {1AD2F12F-E5EC-458D-9413-98D0D70124B8}
	EndGlobalSection
EndGlobal
